
Microsoft Visual Studio Solution File, Format Version 12.00
# Visual Studio Version 16
VisualStudioVersion = 16.0.30413.136
MinimumVisualStudioVersion = 10.0.40219.1
Project("{FAE04EC0-301F-11D3-BF4B-00C04F79EFBC}") = "Talavera_HelloWorld", "Talavera_HelloWorld.csproj", "{29E9E788-4EB0-4E8E-93FE-85B04CE5610A}"
EndProject
Global
	GlobalSection(SolutionConfigurationPlatforms) = preSolution
		Debug|Any CPU = Debug|Any CPU
		Release|Any CPU = Release|Any CPU
	EndGlobalSection
	GlobalSection(ProjectConfigurationPlatforms) = postSolution
		{29E9E788-4EB0-4E8E-93FE-85B04CE5610A}.Debug|Any CPU.ActiveCfg = Debug|Any CPU
		{29E9E788-4EB0-4E8E-93FE-85B04CE5610A}.Debug|Any CPU.Build.0 = Debug|Any CPU
		{29E9E788-4EB0-4E8E-93FE-85B04CE5610A}.Release|Any CPU.ActiveCfg = Release|Any CPU
		{29E9E788-4EB0-4E8E-93FE-85B04CE5610A}.Release|Any CPU.Build.0 = Release|Any CPU
	EndGlobalSection
	GlobalSection(SolutionProperties) = preSolution
		HideSolutionNode = FALSE
	EndGlobalSection
	GlobalSection(ExtensibilityGlobals) = postSolution
		SolutionGuid = {FD1383B9-4F77-4587-A2D9-097D53C74614}
	EndGlobalSection
EndGlobal
