
Microsoft Visual Studio Solution File, Format Version 12.00
# Visual Studio Version 16
VisualStudioVersion = 16.0.30317.65
MinimumVisualStudioVersion = 10.0.40219.1
Project("{FAE04EC0-301F-11D3-BF4B-00C04F79EFBC}") = "CourseLib", "CourseLib.csproj", "{C91E7ACC-1C67-481F-8DC9-B00C86F63496}"
EndProject
Global
	GlobalSection(SolutionConfigurationPlatforms) = preSolution
		Debug|Any CPU = Debug|Any CPU
		Release|Any CPU = Release|Any CPU
	EndGlobalSection
	GlobalSection(ProjectConfigurationPlatforms) = postSolution
		{C91E7ACC-1C67-481F-8DC9-B00C86F63496}.Debug|Any CPU.ActiveCfg = Debug|Any CPU
		{C91E7ACC-1C67-481F-8DC9-B00C86F63496}.Debug|Any CPU.Build.0 = Debug|Any CPU
		{C91E7ACC-1C67-481F-8DC9-B00C86F63496}.Release|Any CPU.ActiveCfg = Release|Any CPU
		{C91E7ACC-1C67-481F-8DC9-B00C86F63496}.Release|Any CPU.Build.0 = Release|Any CPU
	EndGlobalSection
	GlobalSection(SolutionProperties) = preSolution
		HideSolutionNode = FALSE
	EndGlobalSection
	GlobalSection(ExtensibilityGlobals) = postSolution
		SolutionGuid = {29D34410-618C-482F-A27D-5DAFA316AC15}
	EndGlobalSection
EndGlobal
