
Microsoft Visual Studio Solution File, Format Version 12.00
# Visual Studio Version 16
VisualStudioVersion = 16.0.30317.65
MinimumVisualStudioVersion = 10.0.40219.1
Project("{FAE04EC0-301F-11D3-BF4B-00C04F79EFBC}") = "Presidents", "Presidents\Presidents.csproj", "{773FAD14-30FA-4DE9-9971-81243E70B1F9}"
EndProject
Global
	GlobalSection(SolutionConfigurationPlatforms) = preSolution
		Debug|Any CPU = Debug|Any CPU
		Release|Any CPU = Release|Any CPU
	EndGlobalSection
	GlobalSection(ProjectConfigurationPlatforms) = postSolution
		{773FAD14-30FA-4DE9-9971-81243E70B1F9}.Debug|Any CPU.ActiveCfg = Debug|Any CPU
		{773FAD14-30FA-4DE9-9971-81243E70B1F9}.Debug|Any CPU.Build.0 = Debug|Any CPU
		{773FAD14-30FA-4DE9-9971-81243E70B1F9}.Release|Any CPU.ActiveCfg = Release|Any CPU
		{773FAD14-30FA-4DE9-9971-81243E70B1F9}.Release|Any CPU.Build.0 = Release|Any CPU
	EndGlobalSection
	GlobalSection(SolutionProperties) = preSolution
		HideSolutionNode = FALSE
	EndGlobalSection
	GlobalSection(ExtensibilityGlobals) = postSolution
		SolutionGuid = {EB2FB3E9-90DA-4A3F-985B-4C2F5056D6BB}
	EndGlobalSection
EndGlobal
