
Microsoft Visual Studio Solution File, Format Version 12.00
# Visual Studio Version 16
VisualStudioVersion = 16.0.30317.65
MinimumVisualStudioVersion = 10.0.40219.1
Project("{FAE04EC0-301F-11D3-BF4B-00C04F79EFBC}") = "MyDerivedClass", "MyDerivedClass.csproj", "{03E7B1F8-AB88-4CB2-81DF-73B0B9D4B8CF}"
EndProject
Global
	GlobalSection(SolutionConfigurationPlatforms) = preSolution
		Debug|Any CPU = Debug|Any CPU
		Release|Any CPU = Release|Any CPU
	EndGlobalSection
	GlobalSection(ProjectConfigurationPlatforms) = postSolution
		{03E7B1F8-AB88-4CB2-81DF-73B0B9D4B8CF}.Debug|Any CPU.ActiveCfg = Debug|Any CPU
		{03E7B1F8-AB88-4CB2-81DF-73B0B9D4B8CF}.Debug|Any CPU.Build.0 = Debug|Any CPU
		{03E7B1F8-AB88-4CB2-81DF-73B0B9D4B8CF}.Release|Any CPU.ActiveCfg = Release|Any CPU
		{03E7B1F8-AB88-4CB2-81DF-73B0B9D4B8CF}.Release|Any CPU.Build.0 = Release|Any CPU
	EndGlobalSection
	GlobalSection(SolutionProperties) = preSolution
		HideSolutionNode = FALSE
	EndGlobalSection
	GlobalSection(ExtensibilityGlobals) = postSolution
		SolutionGuid = {8B7816A0-6291-4847-A870-C744CD2D8B11}
	EndGlobalSection
EndGlobal
