
Microsoft Visual Studio Solution File, Format Version 12.00
# Visual Studio Version 16
VisualStudioVersion = 16.0.30317.65
MinimumVisualStudioVersion = 10.0.40219.1
Project("{FAE04EC0-301F-11D3-BF4B-00C04F79EFBC}") = "MathQuiz", "MathQuiz.csproj", "{95542523-2ABD-4FDB-B1B2-E9334A2DE841}"
EndProject
Global
	GlobalSection(SolutionConfigurationPlatforms) = preSolution
		Debug|Any CPU = Debug|Any CPU
		Release|Any CPU = Release|Any CPU
	EndGlobalSection
	GlobalSection(ProjectConfigurationPlatforms) = postSolution
		{95542523-2ABD-4FDB-B1B2-E9334A2DE841}.Debug|Any CPU.ActiveCfg = Debug|Any CPU
		{95542523-2ABD-4FDB-B1B2-E9334A2DE841}.Debug|Any CPU.Build.0 = Debug|Any CPU
		{95542523-2ABD-4FDB-B1B2-E9334A2DE841}.Release|Any CPU.ActiveCfg = Release|Any CPU
		{95542523-2ABD-4FDB-B1B2-E9334A2DE841}.Release|Any CPU.Build.0 = Release|Any CPU
	EndGlobalSection
	GlobalSection(SolutionProperties) = preSolution
		HideSolutionNode = FALSE
	EndGlobalSection
	GlobalSection(ExtensibilityGlobals) = postSolution
		SolutionGuid = {3CD18E4F-948B-4105-9A5E-5193BEA09B67}
	EndGlobalSection
EndGlobal
